
Microsoft Visual Studio Solution File, Format Version 12.00
# Visual Studio 2013
VisualStudioVersion = 12.0.21005.1
MinimumVisualStudioVersion = 10.0.40219.1
Project("{FAE04EC0-301F-11D3-BF4B-00C04F79EFBC}") = "MWC3", "MWC3\MWC3.csproj", "{FA732172-39D0-4663-9910-267BE0F29DB6}"
EndProject
Project("{FAE04EC0-301F-11D3-BF4B-00C04F79EFBC}") = "MWC3.Tests", "MWC3.Tests\MWC3.Tests.csproj", "{9BAB40FB-D118-4931-8225-EF1F07E6FC2E}"
EndProject
Project("{FAE04EC0-301F-11D3-BF4B-00C04F79EFBC}") = "TestMvc1", "TestMvc1\TestMvc1.csproj", "{F59D65A3-9C89-4237-A9B7-80919F9C41BD}"
EndProject
Global
	GlobalSection(SolutionConfigurationPlatforms) = preSolution
		Debug|Any CPU = Debug|Any CPU
		Release|Any CPU = Release|Any CPU
	EndGlobalSection
	GlobalSection(ProjectConfigurationPlatforms) = postSolution
		{FA732172-39D0-4663-9910-267BE0F29DB6}.Debug|Any CPU.ActiveCfg = Debug|Any CPU
		{FA732172-39D0-4663-9910-267BE0F29DB6}.Debug|Any CPU.Build.0 = Debug|Any CPU
		{FA732172-39D0-4663-9910-267BE0F29DB6}.Release|Any CPU.ActiveCfg = Release|Any CPU
		{FA732172-39D0-4663-9910-267BE0F29DB6}.Release|Any CPU.Build.0 = Release|Any CPU
		{9BAB40FB-D118-4931-8225-EF1F07E6FC2E}.Debug|Any CPU.ActiveCfg = Debug|Any CPU
		{9BAB40FB-D118-4931-8225-EF1F07E6FC2E}.Debug|Any CPU.Build.0 = Debug|Any CPU
		{9BAB40FB-D118-4931-8225-EF1F07E6FC2E}.Release|Any CPU.ActiveCfg = Release|Any CPU
		{9BAB40FB-D118-4931-8225-EF1F07E6FC2E}.Release|Any CPU.Build.0 = Release|Any CPU
		{F59D65A3-9C89-4237-A9B7-80919F9C41BD}.Debug|Any CPU.ActiveCfg = Debug|Any CPU
		{F59D65A3-9C89-4237-A9B7-80919F9C41BD}.Debug|Any CPU.Build.0 = Debug|Any CPU
		{F59D65A3-9C89-4237-A9B7-80919F9C41BD}.Release|Any CPU.ActiveCfg = Release|Any CPU
		{F59D65A3-9C89-4237-A9B7-80919F9C41BD}.Release|Any CPU.Build.0 = Release|Any CPU
	EndGlobalSection
	GlobalSection(SolutionProperties) = preSolution
		HideSolutionNode = FALSE
	EndGlobalSection
EndGlobal
